{
    "_readme": [
        "This file locks the dependencies of your project to a known state",
        "Read more about it at https://getcomposer.org/doc/01-basic-usage.md#installing-dependencies",
        "This file is @generated automatically"
    ],
    "content-hash": "830adf84dc7afb5cb4fcadd3cc6d223e",
    "packages": [
        {
            "name": "czproject/git-php",
            "version": "v4.3.0",
            "source": {
                "type": "git",
                "url": "https://github.com/czproject/git-php.git",
                "reference": "f7fe85cc526c5f8e7ed809f7f9c68f2696940a8a"
            },
            "dist": {
                "type": "zip",
                "url": "https://api.github.com/repos/czproject/git-php/zipball/f7fe85cc526c5f8e7ed809f7f9c68f2696940a8a",
                "reference": "f7fe85cc526c5f8e7ed809f7f9c68f2696940a8a",
                "shasum": ""
            },
            "require": {
                "php": ">=5.6.0"
            },
            "require-dev": {
                "nette/tester": "^2.0"
            },
            "type": "library",
            "autoload": {
                "classmap": [
                    "src/"
                ]
            },
            "notification-url": "https://packagist.org/downloads/",
            "license": [
                "BSD-3-Clause"
            ],
            "authors": [
                {
                    "name": "Jan Pecha",
                    "email": "janpecha@email.cz"
                }
            ],
            "description": "Library for work with Git repository in PHP.",
            "keywords": [
                "git"
            ],
            "support": {
                "issues": "https://github.com/czproject/git-php/issues",
                "source": "https://github.com/czproject/git-php/tree/v4.3.0"
            },
            "funding": [
                {
                    "url": "https://www.janpecha.cz/donate/git-php/",
                    "type": "other"
                }
            ],
            "time": "2024-08-05T13:28:31+00:00"
        }
    ],
    "packages-dev": [],
    "aliases": [],
    "minimum-stability": "stable",
    "stability-flags": [],
    "prefer-stable": false,
    "prefer-lowest": false,
    "platform": {
        "php": ">=7.3.6 || ^8.0"
    },
    "platform-dev": [],
    "platform-overrides": {
        "php": "7.3.6"
    },
    "plugin-api-version": "2.6.0"
}
